// !$*UTF8*$!
{
	archiveVersion = 1;
	classes = {
	};
	objectVersion = 56;
	objects = {

/* Begin PBXBuildFile section */
		38501B802ABFD9270048EBEE /* PluralizeApp.swift in Sources */ = {isa = PBXBuildFile; fileRef = 38501B7F2ABFD9270048EBEE /* PluralizeApp.swift */; };
		38501B822ABFD9270048EBEE /* PluralizeList.swift in Sources */ = {isa = PBXBuildFile; fileRef = 38501B812ABFD9270048EBEE /* PluralizeList.swift */; };
		38501B842ABFD9280048EBEE /* Assets.xcassets in Resources */ = {isa = PBXBuildFile; fileRef = 38501B832ABFD9280048EBEE /* Assets.xcassets */; };
		38501B872ABFD9280048EBEE /* Preview Assets.xcassets in Resources */ = {isa = PBXBuildFile; fileRef = 38501B862ABFD9280048EBEE /* Preview Assets.xcassets */; };
		387E36792AC0FD7F00D072FE /* Localizable.strings in Resources */ = {isa = PBXBuildFile; fileRef = 387E367B2AC0FD7F00D072FE /* Localizable.strings */; };
		387E36822AC11EA800D072FE /* Strings+Ext.swift in Sources */ = {isa = PBXBuildFile; fileRef = 387E36812AC11EA800D072FE /* Strings+Ext.swift */; };
		387E36842AC11ED000D072FE /* Words.swift in Sources */ = {isa = PBXBuildFile; fileRef = 387E36832AC11ED000D072FE /* Words.swift */; };
		387E36862AC11F6200D072FE /* PluralizeListViewModel.swift in Sources */ = {isa = PBXBuildFile; fileRef = 387E36852AC11F6200D072FE /* PluralizeListViewModel.swift */; };
		387E36882AC11FF600D072FE /* PluralizeListRow.swift in Sources */ = {isa = PBXBuildFile; fileRef = 387E36872AC11FF600D072FE /* PluralizeListRow.swift */; };
/* End PBXBuildFile section */

/* Begin PBXFileReference section */
		38501B7C2ABFD9270048EBEE /* Pluralize.app */ = {isa = PBXFileReference; explicitFileType = wrapper.application; includeInIndex = 0; path = Pluralize.app; sourceTree = BUILT_PRODUCTS_DIR; };
		38501B7F2ABFD9270048EBEE /* PluralizeApp.swift */ = {isa = PBXFileReference; lastKnownFileType = sourcecode.swift; path = PluralizeApp.swift; sourceTree = "<group>"; };
		38501B812ABFD9270048EBEE /* PluralizeList.swift */ = {isa = PBXFileReference; lastKnownFileType = sourcecode.swift; path = PluralizeList.swift; sourceTree = "<group>"; };
		38501B832ABFD9280048EBEE /* Assets.xcassets */ = {isa = PBXFileReference; lastKnownFileType = folder.assetcatalog; path = Assets.xcassets; sourceTree = "<group>"; };
		38501B862ABFD9280048EBEE /* Preview Assets.xcassets */ = {isa = PBXFileReference; lastKnownFileType = folder.assetcatalog; path = "Preview Assets.xcassets"; sourceTree = "<group>"; };
		387E367A2AC0FD7F00D072FE /* en */ = {isa = PBXFileReference; lastKnownFileType = text.plist.strings; name = en; path = en.lproj/Localizable.strings; sourceTree = "<group>"; };
		387E367C2AC0FDB400D072FE /* pt-BR */ = {isa = PBXFileReference; lastKnownFileType = text.plist.strings; name = "pt-BR"; path = "pt-BR.lproj/Localizable.strings"; sourceTree = "<group>"; };
		387E36812AC11EA800D072FE /* Strings+Ext.swift */ = {isa = PBXFileReference; lastKnownFileType = sourcecode.swift; path = "Strings+Ext.swift"; sourceTree = "<group>"; };
		387E36832AC11ED000D072FE /* Words.swift */ = {isa = PBXFileReference; lastKnownFileType = sourcecode.swift; path = Words.swift; sourceTree = "<group>"; };
		387E36852AC11F6200D072FE /* PluralizeListViewModel.swift */ = {isa = PBXFileReference; lastKnownFileType = sourcecode.swift; path = PluralizeListViewModel.swift; sourceTree = "<group>"; };
		387E36872AC11FF600D072FE /* PluralizeListRow.swift */ = {isa = PBXFileReference; lastKnownFileType = sourcecode.swift; path = PluralizeListRow.swift; sourceTree = "<group>"; };
/* End PBXFileReference section */

/* Begin PBXFrameworksBuildPhase section */
		38501B792ABFD9270048EBEE /* Frameworks */ = {
			isa = PBXFrameworksBuildPhase;
			buildActionMask = 2147483647;
			files = (
			);
			runOnlyForDeploymentPostprocessing = 0;
		};
/* End PBXFrameworksBuildPhase section */

/* Begin PBXGroup section */
		38501B732ABFD9270048EBEE = {
			isa = PBXGroup;
			children = (
				38501B7E2ABFD9270048EBEE /* Pluralize */,
				38501B7D2ABFD9270048EBEE /* Products */,
			);
			sourceTree = "<group>";
		};
		38501B7D2ABFD9270048EBEE /* Products */ = {
			isa = PBXGroup;
			children = (
				38501B7C2ABFD9270048EBEE /* Pluralize.app */,
			);
			name = Products;
			sourceTree = "<group>";
		};
		38501B7E2ABFD9270048EBEE /* Pluralize */ = {
			isa = PBXGroup;
			children = (
				387E36802AC11E8A00D072FE /* Extensions */,
				387E367F2AC11E8400D072FE /* Model */,
				387E367E2AC11E7300D072FE /* ViewModel */,
				387E367D2AC11E6D00D072FE /* Views */,
				38501B7F2ABFD9270048EBEE /* PluralizeApp.swift */,
				387E367B2AC0FD7F00D072FE /* Localizable.strings */,
				38501B832ABFD9280048EBEE /* Assets.xcassets */,
				38501B852ABFD9280048EBEE /* Preview Content */,
			);
			path = Pluralize;
			sourceTree = "<group>";
		};
		38501B852ABFD9280048EBEE /* Preview Content */ = {
			isa = PBXGroup;
			children = (
				38501B862ABFD9280048EBEE /* Preview Assets.xcassets */,
			);
			path = "Preview Content";
			sourceTree = "<group>";
		};
		387E367D2AC11E6D00D072FE /* Views */ = {
			isa = PBXGroup;
			children = (
				38501B812ABFD9270048EBEE /* PluralizeList.swift */,
				387E36872AC11FF600D072FE /* PluralizeListRow.swift */,
			);
			path = Views;
			sourceTree = "<group>";
		};
		387E367E2AC11E7300D072FE /* ViewModel */ = {
			isa = PBXGroup;
			children = (
				387E36852AC11F6200D072FE /* PluralizeListViewModel.swift */,
			);
			path = ViewModel;
			sourceTree = "<group>";
		};
		387E367F2AC11E8400D072FE /* Model */ = {
			isa = PBXGroup;
			children = (
				387E36832AC11ED000D072FE /* Words.swift */,
			);
			path = Model;
			sourceTree = "<group>";
		};
		387E36802AC11E8A00D072FE /* Extensions */ = {
			isa = PBXGroup;
			children = (
				387E36812AC11EA800D072FE /* Strings+Ext.swift */,
			);
			path = Extensions;
			sourceTree = "<group>";
		};
/* End PBXGroup section */

/* Begin PBXNativeTarget section */
		38501B7B2ABFD9270048EBEE /* Pluralize */ = {
			isa = PBXNativeTarget;
			buildConfigurationList = 38501B8A2ABFD9280048EBEE /* Build configuration list for PBXNativeTarget "Pluralize" */;
			buildPhases = (
				38501B782ABFD9270048EBEE /* Sources */,
				38501B792ABFD9270048EBEE /* Frameworks */,
				38501B7A2ABFD9270048EBEE /* Resources */,
			);
			buildRules = (
			);
			dependencies = (
			);
			name = Pluralize;
			productName = Pluralize;
			productReference = 38501B7C2ABFD9270048EBEE /* Pluralize.app */;
			productType = "com.apple.product-type.application";
		};
/* End PBXNativeTarget section */

/* Begin PBXProject section */
		38501B742ABFD9270048EBEE /* Project object */ = {
			isa = PBXProject;
			attributes = {
				BuildIndependentTargetsInParallel = 1;
				LastSwiftUpdateCheck = 1430;
				LastUpgradeCheck = 1430;
				TargetAttributes = {
					38501B7B2ABFD9270048EBEE = {
						CreatedOnToolsVersion = 14.3.1;
					};
				};
			};
			buildConfigurationList = 38501B772ABFD9270048EBEE /* Build configuration list for PBXProject "Pluralize" */;
			compatibilityVersion = "Xcode 14.0";
			developmentRegion = en;
			hasScannedForEncodings = 0;
			knownRegions = (
				en,
				Base,
				"pt-BR",
			);
			mainGroup = 38501B732ABFD9270048EBEE;
			productRefGroup = 38501B7D2ABFD9270048EBEE /* Products */;
			projectDirPath = "";
			projectRoot = "";
			targets = (
				38501B7B2ABFD9270048EBEE /* Pluralize */,
			);
		};
/* End PBXProject section */

/* Begin PBXResourcesBuildPhase section */
		38501B7A2ABFD9270048EBEE /* Resources */ = {
			isa = PBXResourcesBuildPhase;
			buildActionMask = 2147483647;
			files = (
				38501B872ABFD9280048EBEE /* Preview Assets.xcassets in Resources */,
				387E36792AC0FD7F00D072FE /* Localizable.strings in Resources */,
				38501B842ABFD9280048EBEE /* Assets.xcassets in Resources */,
			);
			runOnlyForDeploymentPostprocessing = 0;
		};
/* End PBXResourcesBuildPhase section */

/* Begin PBXSourcesBuildPhase section */
		38501B782ABFD9270048EBEE /* Sources */ = {
			isa = PBXSourcesBuildPhase;
			buildActionMask = 2147483647;
			files = (
				38501B822ABFD9270048EBEE /* PluralizeList.swift in Sources */,
				387E36882AC11FF600D072FE /* PluralizeListRow.swift in Sources */,
				387E36822AC11EA800D072FE /* Strings+Ext.swift in Sources */,
				387E36862AC11F6200D072FE /* PluralizeListViewModel.swift in Sources */,
				38501B802ABFD9270048EBEE /* PluralizeApp.swift in Sources */,
				387E36842AC11ED000D072FE /* Words.swift in Sources */,
			);
			runOnlyForDeploymentPostprocessing = 0;
		};
/* End PBXSourcesBuildPhase section */

/* Begin PBXVariantGroup section */
		387E367B2AC0FD7F00D072FE /* Localizable.strings */ = {
			isa = PBXVariantGroup;
			children = (
				387E367A2AC0FD7F00D072FE /* en */,
				387E367C2AC0FDB400D072FE /* pt-BR */,
			);
			name = Localizable.strings;
			sourceTree = "<group>";
		};
/* End PBXVariantGroup section */

/* Begin XCBuildConfiguration section */
		38501B882ABFD9280048EBEE /* Debug */ = {
			isa = XCBuildConfiguration;
			buildSettings = {
				ALWAYS_SEARCH_USER_PATHS = NO;
				CLANG_ANALYZER_LOCALIZABILITY_NONLOCALIZED = YES;
				CLANG_ANALYZER_NONNULL = YES;
				CLANG_ANALYZER_NUMBER_OBJECT_CONVERSION = YES_AGGRESSIVE;
				CLANG_CXX_LANGUAGE_STANDARD = "gnu++20";
				CLANG_ENABLE_MODULES = YES;
				CLANG_ENABLE_OBJC_ARC = YES;
				CLANG_ENABLE_OBJC_WEAK = YES;
				CLANG_WARN_BLOCK_CAPTURE_AUTORELEASING = YES;
				CLANG_WARN_BOOL_CONVERSION = YES;
				CLANG_WARN_COMMA = YES;
				CLANG_WARN_CONSTANT_CONVERSION = YES;
				CLANG_WARN_DEPRECATED_OBJC_IMPLEMENTATIONS = YES;
				CLANG_WARN_DIRECT_OBJC_ISA_USAGE = YES_ERROR;
				CLANG_WARN_DOCUMENTATION_COMMENTS = YES;
				CLANG_WARN_EMPTY_BODY = YES;
				CLANG_WARN_ENUM_CONVERSION = YES;
				CLANG_WARN_INFINITE_RECURSION = YES;
				CLANG_WARN_INT_CONVERSION = YES;
				CLANG_WARN_NON_LITERAL_NULL_CONVERSION = YES;
				CLANG_WARN_OBJC_IMPLICIT_RETAIN_SELF = YES;
				CLANG_WARN_OBJC_LITERAL_CONVERSION = YES;
				CLANG_WARN_OBJC_ROOT_CLASS = YES_ERROR;
				CLANG_WARN_QUOTED_INCLUDE_IN_FRAMEWORK_HEADER = YES;
				CLANG_WARN_RANGE_LOOP_ANALYSIS = YES;
				CLANG_WARN_STRICT_PROTOTYPES = YES;
				CLANG_WARN_SUSPICIOUS_MOVE = YES;
				CLANG_WARN_UNGUARDED_AVAILABILITY = YES_AGGRESSIVE;
				CLANG_WARN_UNREACHABLE_CODE = YES;
				CLANG_WARN__DUPLICATE_METHOD_MATCH = YES;
				COPY_PHASE_STRIP = NO;
				DEBUG_INFORMATION_FORMAT = dwarf;
				ENABLE_STRICT_OBJC_MSGSEND = YES;
				ENABLE_TESTABILITY = YES;
				GCC_C_LANGUAGE_STANDARD = gnu11;
				GCC_DYNAMIC_NO_PIC = NO;
				GCC_NO_COMMON_BLOCKS = YES;
				GCC_OPTIMIZATION_LEVEL = 0;
				GCC_PREPROCESSOR_DEFINITIONS = (
					"DEBUG=1",
					"$(inherited)",
				);
				GCC_WARN_64_TO_32_BIT_CONVERSION = YES;
				GCC_WARN_ABOUT_RETURN_TYPE = YES_ERROR;
				GCC_WARN_UNDECLARED_SELECTOR = YES;
				GCC_WARN_UNINITIALIZED_AUTOS = YES_AGGRESSIVE;
				GCC_WARN_UNUSED_FUNCTION = YES;
				GCC_WARN_UNUSED_VARIABLE = YES;
				IPHONEOS_DEPLOYMENT_TARGET = 16.4;
				MTL_ENABLE_DEBUG_INFO = INCLUDE_SOURCE;
				MTL_FAST_MATH = YES;
				ONLY_ACTIVE_ARCH = YES;
				SDKROOT = iphoneos;
				SWIFT_ACTIVE_COMPILATION_CONDITIONS = DEBUG;
				SWIFT_OPTIMIZATION_LEVEL = "-Onone";
			};
			name = Debug;
		};
		38501B892ABFD9280048EBEE /* Release */ = {
			isa = XCBuildConfiguration;
			buildSettings = {
				ALWAYS_SEARCH_USER_PATHS = NO;
				CLANG_ANALYZER_LOCALIZABILITY_NONLOCALIZED = YES;
				CLANG_ANALYZER_NONNULL = YES;
				CLANG_ANALYZER_NUMBER_OBJECT_CONVERSION = YES_AGGRESSIVE;
				CLANG_CXX_LANGUAGE_STANDARD = "gnu++20";
				CLANG_ENABLE_MODULES = YES;
				CLANG_ENABLE_OBJC_ARC = YES;
				CLANG_ENABLE_OBJC_WEAK = YES;
				CLANG_WARN_BLOCK_CAPTURE_AUTORELEASING = YES;
				CLANG_WARN_BOOL_CONVERSION = YES;
				CLANG_WARN_COMMA = YES;
				CLANG_WARN_CONSTANT_CONVERSION = YES;
				CLANG_WARN_DEPRECATED_OBJC_IMPLEMENTATIONS = YES;
				CLANG_WARN_DIRECT_OBJC_ISA_USAGE = YES_ERROR;
				CLANG_WARN_DOCUMENTATION_COMMENTS = YES;
				CLANG_WARN_EMPTY_BODY = YES;
				CLANG_WARN_ENUM_CONVERSION = YES;
				CLANG_WARN_INFINITE_RECURSION = YES;
				CLANG_WARN_INT_CONVERSION = YES;
				CLANG_WARN_NON_LITERAL_NULL_CONVERSION = YES;
				CLANG_WARN_OBJC_IMPLICIT_RETAIN_SELF = YES;
				CLANG_WARN_OBJC_LITERAL_CONVERSION = YES;
				CLANG_WARN_OBJC_ROOT_CLASS = YES_ERROR;
				CLANG_WARN_QUOTED_INCLUDE_IN_FRAMEWORK_HEADER = YES;
				CLANG_WARN_RANGE_LOOP_ANALYSIS = YES;
				CLANG_WARN_STRICT_PROTOTYPES = YES;
				CLANG_WARN_SUSPICIOUS_MOVE = YES;
				CLANG_WARN_UNGUARDED_AVAILABILITY = YES_AGGRESSIVE;
				CLANG_WARN_UNREACHABLE_CODE = YES;
				CLANG_WARN__DUPLICATE_METHOD_MATCH = YES;
				COPY_PHASE_STRIP = NO;
				DEBUG_INFORMATION_FORMAT = "dwarf-with-dsym";
				ENABLE_NS_ASSERTIONS = NO;
				ENABLE_STRICT_OBJC_MSGSEND = YES;
				GCC_C_LANGUAGE_STANDARD = gnu11;
				GCC_NO_COMMON_BLOCKS = YES;
				GCC_WARN_64_TO_32_BIT_CONVERSION = YES;
				GCC_WARN_ABOUT_RETURN_TYPE = YES_ERROR;
				GCC_WARN_UNDECLARED_SELECTOR = YES;
				GCC_WARN_UNINITIALIZED_AUTOS = YES_AGGRESSIVE;
				GCC_WARN_UNUSED_FUNCTION = YES;
				GCC_WARN_UNUSED_VARIABLE = YES;
				IPHONEOS_DEPLOYMENT_TARGET = 16.4;
				MTL_ENABLE_DEBUG_INFO = NO;
				MTL_FAST_MATH = YES;
				SDKROOT = iphoneos;
				SWIFT_COMPILATION_MODE = wholemodule;
				SWIFT_OPTIMIZATION_LEVEL = "-O";
				VALIDATE_PRODUCT = YES;
			};
			name = Release;
		};
		38501B8B2ABFD9280048EBEE /* Debug */ = {
			isa = XCBuildConfiguration;
			buildSettings = {
				ASSETCATALOG_COMPILER_APPICON_NAME = AppIcon;
				ASSETCATALOG_COMPILER_GLOBAL_ACCENT_COLOR_NAME = AccentColor;
				CODE_SIGN_STYLE = Automatic;
				CURRENT_PROJECT_VERSION = 1;
				DEVELOPMENT_ASSET_PATHS = "\"Pluralize/Preview Content\"";
				DEVELOPMENT_TEAM = H574TJ3JKS;
				ENABLE_PREVIEWS = YES;
				GENERATE_INFOPLIST_FILE = YES;
				INFOPLIST_KEY_UIApplicationSceneManifest_Generation = YES;
				INFOPLIST_KEY_UIApplicationSupportsIndirectInputEvents = YES;
				INFOPLIST_KEY_UILaunchScreen_Generation = YES;
				INFOPLIST_KEY_UISupportedInterfaceOrientations_iPad = "UIInterfaceOrientationPortrait UIInterfaceOrientationPortraitUpsideDown UIInterfaceOrientationLandscapeLeft UIInterfaceOrientationLandscapeRight";
				INFOPLIST_KEY_UISupportedInterfaceOrientations_iPhone = "UIInterfaceOrientationPortrait UIInterfaceOrientationLandscapeLeft UIInterfaceOrientationLandscapeRight";
				LD_RUNPATH_SEARCH_PATHS = (
					"$(inherited)",
					"@executable_path/Frameworks",
				);
				MARKETING_VERSION = 1.0;
				PRODUCT_BUNDLE_IDENTIFIER = com.adolphopiazza.Pluralize;
				PRODUCT_NAME = "$(TARGET_NAME)";
				SWIFT_EMIT_LOC_STRINGS = YES;
				SWIFT_VERSION = 5.0;
				TARGETED_DEVICE_FAMILY = "1,2";
			};
			name = Debug;
		};
		38501B8C2ABFD9280048EBEE /* Release */ = {
			isa = XCBuildConfiguration;
			buildSettings = {
				ASSETCATALOG_COMPILER_APPICON_NAME = AppIcon;
				ASSETCATALOG_COMPILER_GLOBAL_ACCENT_COLOR_NAME = AccentColor;
				CODE_SIGN_STYLE = Automatic;
				CURRENT_PROJECT_VERSION = 1;
				DEVELOPMENT_ASSET_PATHS = "\"Pluralize/Preview Content\"";
				DEVELOPMENT_TEAM = H574TJ3JKS;
				ENABLE_PREVIEWS = YES;
				GENERATE_INFOPLIST_FILE = YES;
				INFOPLIST_KEY_UIApplicationSceneManifest_Generation = YES;
				INFOPLIST_KEY_UIApplicationSupportsIndirectInputEvents = YES;
				INFOPLIST_KEY_UILaunchScreen_Generation = YES;
				INFOPLIST_KEY_UISupportedInterfaceOrientations_iPad = "UIInterfaceOrientationPortrait UIInterfaceOrientationPortraitUpsideDown UIInterfaceOrientationLandscapeLeft UIInterfaceOrientationLandscapeRight";
				INFOPLIST_KEY_UISupportedInterfaceOrientations_iPhone = "UIInterfaceOrientationPortrait UIInterfaceOrientationLandscapeLeft UIInterfaceOrientationLandscapeRight";
				LD_RUNPATH_SEARCH_PATHS = (
					"$(inherited)",
					"@executable_path/Frameworks",
				);
				MARKETING_VERSION = 1.0;
				PRODUCT_BUNDLE_IDENTIFIER = com.adolphopiazza.Pluralize;
				PRODUCT_NAME = "$(TARGET_NAME)";
				SWIFT_EMIT_LOC_STRINGS = YES;
				SWIFT_VERSION = 5.0;
				TARGETED_DEVICE_FAMILY = "1,2";
			};
			name = Release;
		};
/* End XCBuildConfiguration section */

/* Begin XCConfigurationList section */
		38501B772ABFD9270048EBEE /* Build configuration list for PBXProject "Pluralize" */ = {
			isa = XCConfigurationList;
			buildConfigurations = (
				38501B882ABFD9280048EBEE /* Debug */,
				38501B892ABFD9280048EBEE /* Release */,
			);
			defaultConfigurationIsVisible = 0;
			defaultConfigurationName = Release;
		};
		38501B8A2ABFD9280048EBEE /* Build configuration list for PBXNativeTarget "Pluralize" */ = {
			isa = XCConfigurationList;
			buildConfigurations = (
				38501B8B2ABFD9280048EBEE /* Debug */,
				38501B8C2ABFD9280048EBEE /* Release */,
			);
			defaultConfigurationIsVisible = 0;
			defaultConfigurationName = Release;
		};
/* End XCConfigurationList section */
	};
	rootObject = 38501B742ABFD9270048EBEE /* Project object */;
}
